
Microsoft Visual Studio Solution File, Format Version 12.00
Project("{FAE04EC0-301F-11D3-BF4B-00C04F79EFBC}") = "DS", "DS\DS.csproj", "{7209565F-702D-4847-ADA9-FD7F011DB952}"
EndProject
Global
	GlobalSection(SolutionConfigurationPlatforms) = preSolution
		Debug|Any CPU = Debug|Any CPU
		Release|Any CPU = Release|Any CPU
	EndGlobalSection
	GlobalSection(ProjectConfigurationPlatforms) = postSolution
		{7209565F-702D-4847-ADA9-FD7F011DB952}.Debug|Any CPU.ActiveCfg = Debug|Any CPU
		{7209565F-702D-4847-ADA9-FD7F011DB952}.Debug|Any CPU.Build.0 = Debug|Any CPU
		{7209565F-702D-4847-ADA9-FD7F011DB952}.Release|Any CPU.ActiveCfg = Release|Any CPU
		{7209565F-702D-4847-ADA9-FD7F011DB952}.Release|Any CPU.Build.0 = Release|Any CPU
	EndGlobalSection
EndGlobal
